// !$*UTF8*$!
{
	archiveVersion = 1;
	classes = {
	};
	objectVersion = 55;
	objects = {

/* Begin PBXBuildFile section */
		0972EF3E271EBC960048BF9B /* sound2.m4a in Resources */ = {isa = PBXBuildFile; fileRef = 0972EF3C271EBC960048BF9B /* sound2.m4a */; };
		0972EF3F271EBC960048BF9B /* sound1.m4a in Resources */ = {isa = PBXBuildFile; fileRef = 0972EF3D271EBC960048BF9B /* sound1.m4a */; };
		09EAAFFF271E77C50076F916 /* AppDelegate.swift in Sources */ = {isa = PBXBuildFile; fileRef = 09EAAFFE271E77C50076F916 /* AppDelegate.swift */; };
		09EAB001271E77C50076F916 /* SceneDelegate.swift in Sources */ = {isa = PBXBuildFile; fileRef = 09EAB000271E77C50076F916 /* SceneDelegate.swift */; };
		09EAB003271E77C50076F916 /* ViewController.swift in Sources */ = {isa = PBXBuildFile; fileRef = 09EAB002271E77C50076F916 /* ViewController.swift */; };
		09EAB006271E77C50076F916 /* Main.storyboard in Resources */ = {isa = PBXBuildFile; fileRef = 09EAB004271E77C50076F916 /* Main.storyboard */; };
		09EAB008271E77C60076F916 /* Assets.xcassets in Resources */ = {isa = PBXBuildFile; fileRef = 09EAB007271E77C60076F916 /* Assets.xcassets */; };
		09EAB00B271E77C60076F916 /* LaunchScreen.storyboard in Resources */ = {isa = PBXBuildFile; fileRef = 09EAB009271E77C60076F916 /* LaunchScreen.storyboard */; };
		09EAB014271E787B0076F916 /* MessageKit in Frameworks */ = {isa = PBXBuildFile; productRef = 09EAB013271E787B0076F916 /* MessageKit */; };
		09EAB016271E7DB80076F916 /* ChattletronViewController.swift in Sources */ = {isa = PBXBuildFile; fileRef = 09EAB015271E7DB80076F916 /* ChattletronViewController.swift */; };
		09EAB019271E81410076F916 /* Kingfisher in Frameworks */ = {isa = PBXBuildFile; productRef = 09EAB018271E81410076F916 /* Kingfisher */; };
		09EAB01C271E8AA50076F916 /* ChatViewController.swift in Sources */ = {isa = PBXBuildFile; fileRef = 09EAB01B271E8AA50076F916 /* ChatViewController.swift */; };
		09EAB01F271E8B6A0076F916 /* CustomMessageFlowLayout.swift in Sources */ = {isa = PBXBuildFile; fileRef = 09EAB01E271E8B6A0076F916 /* CustomMessageFlowLayout.swift */; };
		09EAB024271E8D6D0076F916 /* CustomCell.swift in Sources */ = {isa = PBXBuildFile; fileRef = 09EAB023271E8D6D0076F916 /* CustomCell.swift */; };
		09EAB027271E8E100076F916 /* UIViewController+Extensions.swift in Sources */ = {isa = PBXBuildFile; fileRef = 09EAB026271E8E100076F916 /* UIViewController+Extensions.swift */; };
		09EAB02A271E8E820076F916 /* MockSocket.swift in Sources */ = {isa = PBXBuildFile; fileRef = 09EAB029271E8E820076F916 /* MockSocket.swift */; };
		09EAB02C271E8EAF0076F916 /* MockUser.swift in Sources */ = {isa = PBXBuildFile; fileRef = 09EAB02B271E8EAF0076F916 /* MockUser.swift */; };
		09EAB02E271E8ECB0076F916 /* MockMessage.swift in Sources */ = {isa = PBXBuildFile; fileRef = 09EAB02D271E8ECB0076F916 /* MockMessage.swift */; };
		09EAB031271E8F3B0076F916 /* SampleData.swift in Sources */ = {isa = PBXBuildFile; fileRef = 09EAB030271E8F3B0076F916 /* SampleData.swift */; };
		09EAB033271E8F8A0076F916 /* Settings+UserDefaults.swift in Sources */ = {isa = PBXBuildFile; fileRef = 09EAB032271E8F8A0076F916 /* Settings+UserDefaults.swift */; };
		09EAB035271E90A40076F916 /* UIColor+Extensions.swift in Sources */ = {isa = PBXBuildFile; fileRef = 09EAB034271E90A40076F916 /* UIColor+Extensions.swift */; };
		09EAB037271E917C0076F916 /* Lorem.swift in Sources */ = {isa = PBXBuildFile; fileRef = 09EAB036271E917C0076F916 /* Lorem.swift */; };
		09EAB03A271E92AD0076F916 /* BasicAudioController.swift in Sources */ = {isa = PBXBuildFile; fileRef = 09EAB039271E92AD0076F916 /* BasicAudioController.swift */; };
		09EAB03C271E94290076F916 /* CameraInputBarAccessoryView.swift in Sources */ = {isa = PBXBuildFile; fileRef = 09EAB03B271E94290076F916 /* CameraInputBarAccessoryView.swift */; };
		09EAB03E271E94A00076F916 /* AlertService.swift in Sources */ = {isa = PBXBuildFile; fileRef = 09EAB03D271E94A00076F916 /* AlertService.swift */; };
		09EAB040271E95ED0076F916 /* NavigationController.swift in Sources */ = {isa = PBXBuildFile; fileRef = 09EAB03F271E95ED0076F916 /* NavigationController.swift */; };
/* End PBXBuildFile section */

/* Begin PBXFileReference section */
		0972EF3C271EBC960048BF9B /* sound2.m4a */ = {isa = PBXFileReference; lastKnownFileType = file; path = sound2.m4a; sourceTree = "<group>"; };
		0972EF3D271EBC960048BF9B /* sound1.m4a */ = {isa = PBXFileReference; lastKnownFileType = file; path = sound1.m4a; sourceTree = "<group>"; };
		09EAAFFB271E77C50076F916 /* chattletron_iOS.app */ = {isa = PBXFileReference; explicitFileType = wrapper.application; includeInIndex = 0; path = chattletron_iOS.app; sourceTree = BUILT_PRODUCTS_DIR; };
		09EAAFFE271E77C50076F916 /* AppDelegate.swift */ = {isa = PBXFileReference; lastKnownFileType = sourcecode.swift; path = AppDelegate.swift; sourceTree = "<group>"; };
		09EAB000271E77C50076F916 /* SceneDelegate.swift */ = {isa = PBXFileReference; lastKnownFileType = sourcecode.swift; path = SceneDelegate.swift; sourceTree = "<group>"; };
		09EAB002271E77C50076F916 /* ViewController.swift */ = {isa = PBXFileReference; lastKnownFileType = sourcecode.swift; path = ViewController.swift; sourceTree = "<group>"; };
		09EAB005271E77C50076F916 /* Base */ = {isa = PBXFileReference; lastKnownFileType = file.storyboard; name = Base; path = Base.lproj/Main.storyboard; sourceTree = "<group>"; };
		09EAB007271E77C60076F916 /* Assets.xcassets */ = {isa = PBXFileReference; lastKnownFileType = folder.assetcatalog; path = Assets.xcassets; sourceTree = "<group>"; };
		09EAB00A271E77C60076F916 /* Base */ = {isa = PBXFileReference; lastKnownFileType = file.storyboard; name = Base; path = Base.lproj/LaunchScreen.storyboard; sourceTree = "<group>"; };
		09EAB00C271E77C60076F916 /* Info.plist */ = {isa = PBXFileReference; lastKnownFileType = text.plist.xml; path = Info.plist; sourceTree = "<group>"; };
		09EAB015271E7DB80076F916 /* ChattletronViewController.swift */ = {isa = PBXFileReference; lastKnownFileType = sourcecode.swift; path = ChattletronViewController.swift; sourceTree = "<group>"; };
		09EAB01B271E8AA50076F916 /* ChatViewController.swift */ = {isa = PBXFileReference; lastKnownFileType = sourcecode.swift; path = ChatViewController.swift; sourceTree = "<group>"; };
		09EAB01E271E8B6A0076F916 /* CustomMessageFlowLayout.swift */ = {isa = PBXFileReference; lastKnownFileType = sourcecode.swift; path = CustomMessageFlowLayout.swift; sourceTree = "<group>"; };
		09EAB023271E8D6D0076F916 /* CustomCell.swift */ = {isa = PBXFileReference; lastKnownFileType = sourcecode.swift; path = CustomCell.swift; sourceTree = "<group>"; };
		09EAB026271E8E100076F916 /* UIViewController+Extensions.swift */ = {isa = PBXFileReference; lastKnownFileType = sourcecode.swift; path = "UIViewController+Extensions.swift"; sourceTree = "<group>"; };
		09EAB029271E8E820076F916 /* MockSocket.swift */ = {isa = PBXFileReference; lastKnownFileType = sourcecode.swift; path = MockSocket.swift; sourceTree = "<group>"; };
		09EAB02B271E8EAF0076F916 /* MockUser.swift */ = {isa = PBXFileReference; lastKnownFileType = sourcecode.swift; path = MockUser.swift; sourceTree = "<group>"; };
		09EAB02D271E8ECB0076F916 /* MockMessage.swift */ = {isa = PBXFileReference; lastKnownFileType = sourcecode.swift; path = MockMessage.swift; sourceTree = "<group>"; };
		09EAB030271E8F3B0076F916 /* SampleData.swift */ = {isa = PBXFileReference; lastKnownFileType = sourcecode.swift; path = SampleData.swift; sourceTree = "<group>"; };
		09EAB032271E8F8A0076F916 /* Settings+UserDefaults.swift */ = {isa = PBXFileReference; lastKnownFileType = sourcecode.swift; path = "Settings+UserDefaults.swift"; sourceTree = "<group>"; };
		09EAB034271E90A40076F916 /* UIColor+Extensions.swift */ = {isa = PBXFileReference; lastKnownFileType = sourcecode.swift; path = "UIColor+Extensions.swift"; sourceTree = "<group>"; };
		09EAB036271E917C0076F916 /* Lorem.swift */ = {isa = PBXFileReference; lastKnownFileType = sourcecode.swift; path = Lorem.swift; sourceTree = "<group>"; };
		09EAB039271E92AD0076F916 /* BasicAudioController.swift */ = {isa = PBXFileReference; lastKnownFileType = sourcecode.swift; path = BasicAudioController.swift; sourceTree = "<group>"; };
		09EAB03B271E94290076F916 /* CameraInputBarAccessoryView.swift */ = {isa = PBXFileReference; lastKnownFileType = sourcecode.swift; path = CameraInputBarAccessoryView.swift; sourceTree = "<group>"; };
		09EAB03D271E94A00076F916 /* AlertService.swift */ = {isa = PBXFileReference; lastKnownFileType = sourcecode.swift; path = AlertService.swift; sourceTree = "<group>"; };
		09EAB03F271E95ED0076F916 /* NavigationController.swift */ = {isa = PBXFileReference; lastKnownFileType = sourcecode.swift; path = NavigationController.swift; sourceTree = "<group>"; };
/* End PBXFileReference section */

/* Begin PBXFrameworksBuildPhase section */
		09EAAFF8271E77C40076F916 /* Frameworks */ = {
			isa = PBXFrameworksBuildPhase;
			buildActionMask = 2147483647;
			files = (
				09EAB019271E81410076F916 /* Kingfisher in Frameworks */,
				09EAB014271E787B0076F916 /* MessageKit in Frameworks */,
			);
			runOnlyForDeploymentPostprocessing = 0;
		};
/* End PBXFrameworksBuildPhase section */

/* Begin PBXGroup section */
		0972EF3B271EBC7F0048BF9B /* Sounds */ = {
			isa = PBXGroup;
			children = (
				0972EF3D271EBC960048BF9B /* sound1.m4a */,
				0972EF3C271EBC960048BF9B /* sound2.m4a */,
			);
			path = Sounds;
			sourceTree = "<group>";
		};
		09EAAFF2271E77C40076F916 = {
			isa = PBXGroup;
			children = (
				09EAAFFD271E77C50076F916 /* chattletron_iOS */,
				09EAAFFC271E77C50076F916 /* Products */,
			);
			sourceTree = "<group>";
		};
		09EAAFFC271E77C50076F916 /* Products */ = {
			isa = PBXGroup;
			children = (
				09EAAFFB271E77C50076F916 /* chattletron_iOS.app */,
			);
			name = Products;
			sourceTree = "<group>";
		};
		09EAAFFD271E77C50076F916 /* chattletron_iOS */ = {
			isa = PBXGroup;
			children = (
				0972EF3B271EBC7F0048BF9B /* Sounds */,
				09EAB038271E92840076F916 /* AudioController */,
				09EAB02F271E8F190076F916 /* Data Generation */,
				09EAB028271E8E640076F916 /* Models */,
				09EAB025271E8DDD0076F916 /* Extensions */,
				09EAB022271E8D5D0076F916 /* Views */,
				09EAB01D271E8B240076F916 /* Layout */,
				09EAB01A271E8A6E0076F916 /* View Controllers */,
				09EAAFFE271E77C50076F916 /* AppDelegate.swift */,
				09EAB000271E77C50076F916 /* SceneDelegate.swift */,
				09EAB002271E77C50076F916 /* ViewController.swift */,
				09EAB004271E77C50076F916 /* Main.storyboard */,
				09EAB007271E77C60076F916 /* Assets.xcassets */,
				09EAB009271E77C60076F916 /* LaunchScreen.storyboard */,
				09EAB00C271E77C60076F916 /* Info.plist */,
			);
			path = chattletron_iOS;
			sourceTree = "<group>";
		};
		09EAB01A271E8A6E0076F916 /* View Controllers */ = {
			isa = PBXGroup;
			children = (
				09EAB015271E7DB80076F916 /* ChattletronViewController.swift */,
				09EAB01B271E8AA50076F916 /* ChatViewController.swift */,
				09EAB03F271E95ED0076F916 /* NavigationController.swift */,
			);
			path = "View Controllers";
			sourceTree = "<group>";
		};
		09EAB01D271E8B240076F916 /* Layout */ = {
			isa = PBXGroup;
			children = (
				09EAB01E271E8B6A0076F916 /* CustomMessageFlowLayout.swift */,
			);
			path = Layout;
			sourceTree = "<group>";
		};
		09EAB022271E8D5D0076F916 /* Views */ = {
			isa = PBXGroup;
			children = (
				09EAB023271E8D6D0076F916 /* CustomCell.swift */,
				09EAB03B271E94290076F916 /* CameraInputBarAccessoryView.swift */,
			);
			path = Views;
			sourceTree = "<group>";
		};
		09EAB025271E8DDD0076F916 /* Extensions */ = {
			isa = PBXGroup;
			children = (
				09EAB026271E8E100076F916 /* UIViewController+Extensions.swift */,
				09EAB032271E8F8A0076F916 /* Settings+UserDefaults.swift */,
				09EAB034271E90A40076F916 /* UIColor+Extensions.swift */,
				09EAB03D271E94A00076F916 /* AlertService.swift */,
			);
			path = Extensions;
			sourceTree = "<group>";
		};
		09EAB028271E8E640076F916 /* Models */ = {
			isa = PBXGroup;
			children = (
				09EAB029271E8E820076F916 /* MockSocket.swift */,
				09EAB02B271E8EAF0076F916 /* MockUser.swift */,
				09EAB02D271E8ECB0076F916 /* MockMessage.swift */,
			);
			path = Models;
			sourceTree = "<group>";
		};
		09EAB02F271E8F190076F916 /* Data Generation */ = {
			isa = PBXGroup;
			children = (
				09EAB030271E8F3B0076F916 /* SampleData.swift */,
				09EAB036271E917C0076F916 /* Lorem.swift */,
			);
			path = "Data Generation";
			sourceTree = "<group>";
		};
		09EAB038271E92840076F916 /* AudioController */ = {
			isa = PBXGroup;
			children = (
				09EAB039271E92AD0076F916 /* BasicAudioController.swift */,
			);
			path = AudioController;
			sourceTree = "<group>";
		};
/* End PBXGroup section */

/* Begin PBXNativeTarget section */
		09EAAFFA271E77C40076F916 /* chattletron_iOS */ = {
			isa = PBXNativeTarget;
			buildConfigurationList = 09EAB00F271E77C60076F916 /* Build configuration list for PBXNativeTarget "chattletron_iOS" */;
			buildPhases = (
				09EAAFF7271E77C40076F916 /* Sources */,
				09EAAFF8271E77C40076F916 /* Frameworks */,
				09EAAFF9271E77C40076F916 /* Resources */,
			);
			buildRules = (
			);
			dependencies = (
			);
			name = chattletron_iOS;
			packageProductDependencies = (
				09EAB013271E787B0076F916 /* MessageKit */,
				09EAB018271E81410076F916 /* Kingfisher */,
			);
			productName = chattletron_iOS;
			productReference = 09EAAFFB271E77C50076F916 /* chattletron_iOS.app */;
			productType = "com.apple.product-type.application";
		};
/* End PBXNativeTarget section */

/* Begin PBXProject section */
		09EAAFF3271E77C40076F916 /* Project object */ = {
			isa = PBXProject;
			attributes = {
				BuildIndependentTargetsInParallel = 1;
				LastSwiftUpdateCheck = 1300;
				LastUpgradeCheck = 1300;
				TargetAttributes = {
					09EAAFFA271E77C40076F916 = {
						CreatedOnToolsVersion = 13.0;
					};
				};
			};
			buildConfigurationList = 09EAAFF6271E77C40076F916 /* Build configuration list for PBXProject "chattletron_iOS" */;
			compatibilityVersion = "Xcode 13.0";
			developmentRegion = en;
			hasScannedForEncodings = 0;
			knownRegions = (
				en,
				Base,
			);
			mainGroup = 09EAAFF2271E77C40076F916;
			packageReferences = (
				09EAB012271E787B0076F916 /* XCRemoteSwiftPackageReference "MessageKit" */,
				09EAB017271E81410076F916 /* XCRemoteSwiftPackageReference "Kingfisher" */,
			);
			productRefGroup = 09EAAFFC271E77C50076F916 /* Products */;
			projectDirPath = "";
			projectRoot = "";
			targets = (
				09EAAFFA271E77C40076F916 /* chattletron_iOS */,
			);
		};
/* End PBXProject section */

/* Begin PBXResourcesBuildPhase section */
		09EAAFF9271E77C40076F916 /* Resources */ = {
			isa = PBXResourcesBuildPhase;
			buildActionMask = 2147483647;
			files = (
				0972EF3F271EBC960048BF9B /* sound1.m4a in Resources */,
				09EAB00B271E77C60076F916 /* LaunchScreen.storyboard in Resources */,
				0972EF3E271EBC960048BF9B /* sound2.m4a in Resources */,
				09EAB008271E77C60076F916 /* Assets.xcassets in Resources */,
				09EAB006271E77C50076F916 /* Main.storyboard in Resources */,
			);
			runOnlyForDeploymentPostprocessing = 0;
		};
/* End PBXResourcesBuildPhase section */

/* Begin PBXSourcesBuildPhase section */
		09EAAFF7271E77C40076F916 /* Sources */ = {
			isa = PBXSourcesBuildPhase;
			buildActionMask = 2147483647;
			files = (
				09EAB02C271E8EAF0076F916 /* MockUser.swift in Sources */,
				09EAB037271E917C0076F916 /* Lorem.swift in Sources */,
				09EAB003271E77C50076F916 /* ViewController.swift in Sources */,
				09EAB016271E7DB80076F916 /* ChattletronViewController.swift in Sources */,
				09EAB01F271E8B6A0076F916 /* CustomMessageFlowLayout.swift in Sources */,
				09EAAFFF271E77C50076F916 /* AppDelegate.swift in Sources */,
				09EAB02A271E8E820076F916 /* MockSocket.swift in Sources */,
				09EAB027271E8E100076F916 /* UIViewController+Extensions.swift in Sources */,
				09EAB031271E8F3B0076F916 /* SampleData.swift in Sources */,
				09EAB01C271E8AA50076F916 /* ChatViewController.swift in Sources */,
				09EAB024271E8D6D0076F916 /* CustomCell.swift in Sources */,
				09EAB001271E77C50076F916 /* SceneDelegate.swift in Sources */,
				09EAB040271E95ED0076F916 /* NavigationController.swift in Sources */,
				09EAB035271E90A40076F916 /* UIColor+Extensions.swift in Sources */,
				09EAB03C271E94290076F916 /* CameraInputBarAccessoryView.swift in Sources */,
				09EAB03A271E92AD0076F916 /* BasicAudioController.swift in Sources */,
				09EAB033271E8F8A0076F916 /* Settings+UserDefaults.swift in Sources */,
				09EAB03E271E94A00076F916 /* AlertService.swift in Sources */,
				09EAB02E271E8ECB0076F916 /* MockMessage.swift in Sources */,
			);
			runOnlyForDeploymentPostprocessing = 0;
		};
/* End PBXSourcesBuildPhase section */

/* Begin PBXVariantGroup section */
		09EAB004271E77C50076F916 /* Main.storyboard */ = {
			isa = PBXVariantGroup;
			children = (
				09EAB005271E77C50076F916 /* Base */,
			);
			name = Main.storyboard;
			sourceTree = "<group>";
		};
		09EAB009271E77C60076F916 /* LaunchScreen.storyboard */ = {
			isa = PBXVariantGroup;
			children = (
				09EAB00A271E77C60076F916 /* Base */,
			);
			name = LaunchScreen.storyboard;
			sourceTree = "<group>";
		};
/* End PBXVariantGroup section */

/* Begin XCBuildConfiguration section */
		09EAB00D271E77C60076F916 /* Debug */ = {
			isa = XCBuildConfiguration;
			buildSettings = {
				ALWAYS_SEARCH_USER_PATHS = NO;
				CLANG_ANALYZER_NONNULL = YES;
				CLANG_ANALYZER_NUMBER_OBJECT_CONVERSION = YES_AGGRESSIVE;
				CLANG_CXX_LANGUAGE_STANDARD = "gnu++17";
				CLANG_CXX_LIBRARY = "libc++";
				CLANG_ENABLE_MODULES = YES;
				CLANG_ENABLE_OBJC_ARC = YES;
				CLANG_ENABLE_OBJC_WEAK = YES;
				CLANG_WARN_BLOCK_CAPTURE_AUTORELEASING = YES;
				CLANG_WARN_BOOL_CONVERSION = YES;
				CLANG_WARN_COMMA = YES;
				CLANG_WARN_CONSTANT_CONVERSION = YES;
				CLANG_WARN_DEPRECATED_OBJC_IMPLEMENTATIONS = YES;
				CLANG_WARN_DIRECT_OBJC_ISA_USAGE = YES_ERROR;
				CLANG_WARN_DOCUMENTATION_COMMENTS = YES;
				CLANG_WARN_EMPTY_BODY = YES;
				CLANG_WARN_ENUM_CONVERSION = YES;
				CLANG_WARN_INFINITE_RECURSION = YES;
				CLANG_WARN_INT_CONVERSION = YES;
				CLANG_WARN_NON_LITERAL_NULL_CONVERSION = YES;
				CLANG_WARN_OBJC_IMPLICIT_RETAIN_SELF = YES;
				CLANG_WARN_OBJC_LITERAL_CONVERSION = YES;
				CLANG_WARN_OBJC_ROOT_CLASS = YES_ERROR;
				CLANG_WARN_QUOTED_INCLUDE_IN_FRAMEWORK_HEADER = YES;
				CLANG_WARN_RANGE_LOOP_ANALYSIS = YES;
				CLANG_WARN_STRICT_PROTOTYPES = YES;
				CLANG_WARN_SUSPICIOUS_MOVE = YES;
				CLANG_WARN_UNGUARDED_AVAILABILITY = YES_AGGRESSIVE;
				CLANG_WARN_UNREACHABLE_CODE = YES;
				CLANG_WARN__DUPLICATE_METHOD_MATCH = YES;
				COPY_PHASE_STRIP = NO;
				DEBUG_INFORMATION_FORMAT = dwarf;
				ENABLE_STRICT_OBJC_MSGSEND = YES;
				ENABLE_TESTABILITY = YES;
				GCC_C_LANGUAGE_STANDARD = gnu11;
				GCC_DYNAMIC_NO_PIC = NO;
				GCC_NO_COMMON_BLOCKS = YES;
				GCC_OPTIMIZATION_LEVEL = 0;
				GCC_PREPROCESSOR_DEFINITIONS = (
					"DEBUG=1",
					"$(inherited)",
				);
				GCC_WARN_64_TO_32_BIT_CONVERSION = YES;
				GCC_WARN_ABOUT_RETURN_TYPE = YES_ERROR;
				GCC_WARN_UNDECLARED_SELECTOR = YES;
				GCC_WARN_UNINITIALIZED_AUTOS = YES_AGGRESSIVE;
				GCC_WARN_UNUSED_FUNCTION = YES;
				GCC_WARN_UNUSED_VARIABLE = YES;
				IPHONEOS_DEPLOYMENT_TARGET = 15.0;
				MTL_ENABLE_DEBUG_INFO = INCLUDE_SOURCE;
				MTL_FAST_MATH = YES;
				ONLY_ACTIVE_ARCH = YES;
				SDKROOT = iphoneos;
				SWIFT_ACTIVE_COMPILATION_CONDITIONS = DEBUG;
				SWIFT_OPTIMIZATION_LEVEL = "-Onone";
			};
			name = Debug;
		};
		09EAB00E271E77C60076F916 /* Release */ = {
			isa = XCBuildConfiguration;
			buildSettings = {
				ALWAYS_SEARCH_USER_PATHS = NO;
				CLANG_ANALYZER_NONNULL = YES;
				CLANG_ANALYZER_NUMBER_OBJECT_CONVERSION = YES_AGGRESSIVE;
				CLANG_CXX_LANGUAGE_STANDARD = "gnu++17";
				CLANG_CXX_LIBRARY = "libc++";
				CLANG_ENABLE_MODULES = YES;
				CLANG_ENABLE_OBJC_ARC = YES;
				CLANG_ENABLE_OBJC_WEAK = YES;
				CLANG_WARN_BLOCK_CAPTURE_AUTORELEASING = YES;
				CLANG_WARN_BOOL_CONVERSION = YES;
				CLANG_WARN_COMMA = YES;
				CLANG_WARN_CONSTANT_CONVERSION = YES;
				CLANG_WARN_DEPRECATED_OBJC_IMPLEMENTATIONS = YES;
				CLANG_WARN_DIRECT_OBJC_ISA_USAGE = YES_ERROR;
				CLANG_WARN_DOCUMENTATION_COMMENTS = YES;
				CLANG_WARN_EMPTY_BODY = YES;
				CLANG_WARN_ENUM_CONVERSION = YES;
				CLANG_WARN_INFINITE_RECURSION = YES;
				CLANG_WARN_INT_CONVERSION = YES;
				CLANG_WARN_NON_LITERAL_NULL_CONVERSION = YES;
				CLANG_WARN_OBJC_IMPLICIT_RETAIN_SELF = YES;
				CLANG_WARN_OBJC_LITERAL_CONVERSION = YES;
				CLANG_WARN_OBJC_ROOT_CLASS = YES_ERROR;
				CLANG_WARN_QUOTED_INCLUDE_IN_FRAMEWORK_HEADER = YES;
				CLANG_WARN_RANGE_LOOP_ANALYSIS = YES;
				CLANG_WARN_STRICT_PROTOTYPES = YES;
				CLANG_WARN_SUSPICIOUS_MOVE = YES;
				CLANG_WARN_UNGUARDED_AVAILABILITY = YES_AGGRESSIVE;
				CLANG_WARN_UNREACHABLE_CODE = YES;
				CLANG_WARN__DUPLICATE_METHOD_MATCH = YES;
				COPY_PHASE_STRIP = NO;
				DEBUG_INFORMATION_FORMAT = "dwarf-with-dsym";
				ENABLE_NS_ASSERTIONS = NO;
				ENABLE_STRICT_OBJC_MSGSEND = YES;
				GCC_C_LANGUAGE_STANDARD = gnu11;
				GCC_NO_COMMON_BLOCKS = YES;
				GCC_WARN_64_TO_32_BIT_CONVERSION = YES;
				GCC_WARN_ABOUT_RETURN_TYPE = YES_ERROR;
				GCC_WARN_UNDECLARED_SELECTOR = YES;
				GCC_WARN_UNINITIALIZED_AUTOS = YES_AGGRESSIVE;
				GCC_WARN_UNUSED_FUNCTION = YES;
				GCC_WARN_UNUSED_VARIABLE = YES;
				IPHONEOS_DEPLOYMENT_TARGET = 15.0;
				MTL_ENABLE_DEBUG_INFO = NO;
				MTL_FAST_MATH = YES;
				SDKROOT = iphoneos;
				SWIFT_COMPILATION_MODE = wholemodule;
				SWIFT_OPTIMIZATION_LEVEL = "-O";
				VALIDATE_PRODUCT = YES;
			};
			name = Release;
		};
		09EAB010271E77C60076F916 /* Debug */ = {
			isa = XCBuildConfiguration;
			buildSettings = {
				ASSETCATALOG_COMPILER_APPICON_NAME = AppIcon;
				ASSETCATALOG_COMPILER_GLOBAL_ACCENT_COLOR_NAME = AccentColor;
				CODE_SIGN_STYLE = Automatic;
				CURRENT_PROJECT_VERSION = 1;
				DEVELOPMENT_TEAM = R9WMBR2ZLA;
				GENERATE_INFOPLIST_FILE = YES;
				INFOPLIST_FILE = chattletron_iOS/Info.plist;
				INFOPLIST_KEY_UIApplicationSupportsIndirectInputEvents = YES;
				INFOPLIST_KEY_UILaunchStoryboardName = LaunchScreen;
				INFOPLIST_KEY_UIMainStoryboardFile = Main;
				INFOPLIST_KEY_UISupportedInterfaceOrientations_iPad = "UIInterfaceOrientationPortrait UIInterfaceOrientationPortraitUpsideDown UIInterfaceOrientationLandscapeLeft UIInterfaceOrientationLandscapeRight";
				INFOPLIST_KEY_UISupportedInterfaceOrientations_iPhone = "UIInterfaceOrientationPortrait UIInterfaceOrientationLandscapeLeft UIInterfaceOrientationLandscapeRight";
				LD_RUNPATH_SEARCH_PATHS = (
					"$(inherited)",
					"@executable_path/Frameworks",
				);
				MARKETING_VERSION = 1.0;
				PRODUCT_BUNDLE_IDENTIFIER = "com.aBuiDev.chattletron-iOS";
				PRODUCT_NAME = "$(TARGET_NAME)";
				SWIFT_EMIT_LOC_STRINGS = YES;
				SWIFT_VERSION = 5.0;
				TARGETED_DEVICE_FAMILY = "1,2";
			};
			name = Debug;
		};
		09EAB011271E77C60076F916 /* Release */ = {
			isa = XCBuildConfiguration;
			buildSettings = {
				ASSETCATALOG_COMPILER_APPICON_NAME = AppIcon;
				ASSETCATALOG_COMPILER_GLOBAL_ACCENT_COLOR_NAME = AccentColor;
				CODE_SIGN_STYLE = Automatic;
				CURRENT_PROJECT_VERSION = 1;
				DEVELOPMENT_TEAM = R9WMBR2ZLA;
				GENERATE_INFOPLIST_FILE = YES;
				INFOPLIST_FILE = chattletron_iOS/Info.plist;
				INFOPLIST_KEY_UIApplicationSupportsIndirectInputEvents = YES;
				INFOPLIST_KEY_UILaunchStoryboardName = LaunchScreen;
				INFOPLIST_KEY_UIMainStoryboardFile = Main;
				INFOPLIST_KEY_UISupportedInterfaceOrientations_iPad = "UIInterfaceOrientationPortrait UIInterfaceOrientationPortraitUpsideDown UIInterfaceOrientationLandscapeLeft UIInterfaceOrientationLandscapeRight";
				INFOPLIST_KEY_UISupportedInterfaceOrientations_iPhone = "UIInterfaceOrientationPortrait UIInterfaceOrientationLandscapeLeft UIInterfaceOrientationLandscapeRight";
				LD_RUNPATH_SEARCH_PATHS = (
					"$(inherited)",
					"@executable_path/Frameworks",
				);
				MARKETING_VERSION = 1.0;
				PRODUCT_BUNDLE_IDENTIFIER = "com.aBuiDev.chattletron-iOS";
				PRODUCT_NAME = "$(TARGET_NAME)";
				SWIFT_EMIT_LOC_STRINGS = YES;
				SWIFT_VERSION = 5.0;
				TARGETED_DEVICE_FAMILY = "1,2";
			};
			name = Release;
		};
/* End XCBuildConfiguration section */

/* Begin XCConfigurationList section */
		09EAAFF6271E77C40076F916 /* Build configuration list for PBXProject "chattletron_iOS" */ = {
			isa = XCConfigurationList;
			buildConfigurations = (
				09EAB00D271E77C60076F916 /* Debug */,
				09EAB00E271E77C60076F916 /* Release */,
			);
			defaultConfigurationIsVisible = 0;
			defaultConfigurationName = Release;
		};
		09EAB00F271E77C60076F916 /* Build configuration list for PBXNativeTarget "chattletron_iOS" */ = {
			isa = XCConfigurationList;
			buildConfigurations = (
				09EAB010271E77C60076F916 /* Debug */,
				09EAB011271E77C60076F916 /* Release */,
			);
			defaultConfigurationIsVisible = 0;
			defaultConfigurationName = Release;
		};
/* End XCConfigurationList section */

/* Begin XCRemoteSwiftPackageReference section */
		09EAB012271E787B0076F916 /* XCRemoteSwiftPackageReference "MessageKit" */ = {
			isa = XCRemoteSwiftPackageReference;
			repositoryURL = "https://github.com/MessageKit/MessageKit";
			requirement = {
				kind = upToNextMajorVersion;
				minimumVersion = 3.0.0;
			};
		};
		09EAB017271E81410076F916 /* XCRemoteSwiftPackageReference "Kingfisher" */ = {
			isa = XCRemoteSwiftPackageReference;
			repositoryURL = "https://github.com/onevcat/Kingfisher";
			requirement = {
				kind = upToNextMajorVersion;
				minimumVersion = 7.0.0;
			};
		};
/* End XCRemoteSwiftPackageReference section */

/* Begin XCSwiftPackageProductDependency section */
		09EAB013271E787B0076F916 /* MessageKit */ = {
			isa = XCSwiftPackageProductDependency;
			package = 09EAB012271E787B0076F916 /* XCRemoteSwiftPackageReference "MessageKit" */;
			productName = MessageKit;
		};
		09EAB018271E81410076F916 /* Kingfisher */ = {
			isa = XCSwiftPackageProductDependency;
			package = 09EAB017271E81410076F916 /* XCRemoteSwiftPackageReference "Kingfisher" */;
			productName = Kingfisher;
		};
/* End XCSwiftPackageProductDependency section */
	};
	rootObject = 09EAAFF3271E77C40076F916 /* Project object */;
}
